
Microsoft Visual Studio Solution File, Format Version 12.00
# Visual Studio Version 17
VisualStudioVersion = 17.0.31919.166
MinimumVisualStudioVersion = 10.0.40219.1
Project("{FAE04EC0-301F-11D3-BF4B-00C04F79EFBC}") = "FirstApp", "FirstApp\FirstApp.csproj", "{6271FE0A-382C-4AF3-BF2C-2FFC1DD3FE17}"
EndProject
Global
	GlobalSection(SolutionConfigurationPlatforms) = preSolution
		Debug|Any CPU = Debug|Any CPU
		Release|Any CPU = Release|Any CPU
	EndGlobalSection
	GlobalSection(ProjectConfigurationPlatforms) = postSolution
		{6271FE0A-382C-4AF3-BF2C-2FFC1DD3FE17}.Debug|Any CPU.ActiveCfg = Debug|Any CPU
		{6271FE0A-382C-4AF3-BF2C-2FFC1DD3FE17}.Debug|Any CPU.Build.0 = Debug|Any CPU
		{6271FE0A-382C-4AF3-BF2C-2FFC1DD3FE17}.Release|Any CPU.ActiveCfg = Release|Any CPU
		{6271FE0A-382C-4AF3-BF2C-2FFC1DD3FE17}.Release|Any CPU.Build.0 = Release|Any CPU
	EndGlobalSection
	GlobalSection(SolutionProperties) = preSolution
		HideSolutionNode = FALSE
	EndGlobalSection
	GlobalSection(ExtensibilityGlobals) = postSolution
		SolutionGuid = {CDD32483-E6E4-4795-AE51-54980F4E4C20}
	EndGlobalSection
EndGlobal
